// !$*UTF8*$!
{
	archiveVersion = 1;
	classes = {
	};
	objectVersion = 50;
	objects = {

/* Begin PBXBuildFile section */
		4E7302602432C61F003A69CF /* AppDelegate.swift in Sources */ = {isa = PBXBuildFile; fileRef = 4E73025F2432C61F003A69CF /* AppDelegate.swift */; };
		4E7302622432C61F003A69CF /* SceneDelegate.swift in Sources */ = {isa = PBXBuildFile; fileRef = 4E7302612432C61F003A69CF /* SceneDelegate.swift */; };
		4E7302642432C61F003A69CF /* ContentView.swift in Sources */ = {isa = PBXBuildFile; fileRef = 4E7302632432C61F003A69CF /* ContentView.swift */; };
		4E7302662432C620003A69CF /* Assets.xcassets in Resources */ = {isa = PBXBuildFile; fileRef = 4E7302652432C620003A69CF /* Assets.xcassets */; };
		4E7302692432C620003A69CF /* Preview Assets.xcassets in Resources */ = {isa = PBXBuildFile; fileRef = 4E7302682432C620003A69CF /* Preview Assets.xcassets */; };
		4E73026C2432C620003A69CF /* LaunchScreen.storyboard in Resources */ = {isa = PBXBuildFile; fileRef = 4E73026A2432C620003A69CF /* LaunchScreen.storyboard */; };
		4E7302772432C620003A69CF /* SimpleApp2Tests.swift in Sources */ = {isa = PBXBuildFile; fileRef = 4E7302762432C620003A69CF /* SimpleApp2Tests.swift */; };
		4E7302822432C620003A69CF /* SimpleApp2UITests.swift in Sources */ = {isa = PBXBuildFile; fileRef = 4E7302812432C620003A69CF /* SimpleApp2UITests.swift */; };
/* End PBXBuildFile section */

/* Begin PBXContainerItemProxy section */
		4E7302732432C620003A69CF /* PBXContainerItemProxy */ = {
			isa = PBXContainerItemProxy;
			containerPortal = 4E7302542432C61F003A69CF /* Project object */;
			proxyType = 1;
			remoteGlobalIDString = 4E73025B2432C61F003A69CF;
			remoteInfo = SimpleApp2;
		};
		4E73027E2432C620003A69CF /* PBXContainerItemProxy */ = {
			isa = PBXContainerItemProxy;
			containerPortal = 4E7302542432C61F003A69CF /* Project object */;
			proxyType = 1;
			remoteGlobalIDString = 4E73025B2432C61F003A69CF;
			remoteInfo = SimpleApp2;
		};
/* End PBXContainerItemProxy section */

/* Begin PBXFileReference section */
		4E73025C2432C61F003A69CF /* SimpleApp2.app */ = {isa = PBXFileReference; explicitFileType = wrapper.application; includeInIndex = 0; path = SimpleApp2.app; sourceTree = BUILT_PRODUCTS_DIR; };
		4E73025F2432C61F003A69CF /* AppDelegate.swift */ = {isa = PBXFileReference; lastKnownFileType = sourcecode.swift; path = AppDelegate.swift; sourceTree = "<group>"; };
		4E7302612432C61F003A69CF /* SceneDelegate.swift */ = {isa = PBXFileReference; lastKnownFileType = sourcecode.swift; path = SceneDelegate.swift; sourceTree = "<group>"; };
		4E7302632432C61F003A69CF /* ContentView.swift */ = {isa = PBXFileReference; lastKnownFileType = sourcecode.swift; path = ContentView.swift; sourceTree = "<group>"; };
		4E7302652432C620003A69CF /* Assets.xcassets */ = {isa = PBXFileReference; lastKnownFileType = folder.assetcatalog; path = Assets.xcassets; sourceTree = "<group>"; };
		4E7302682432C620003A69CF /* Preview Assets.xcassets */ = {isa = PBXFileReference; lastKnownFileType = folder.assetcatalog; path = "Preview Assets.xcassets"; sourceTree = "<group>"; };
		4E73026B2432C620003A69CF /* Base */ = {isa = PBXFileReference; lastKnownFileType = file.storyboard; name = Base; path = Base.lproj/LaunchScreen.storyboard; sourceTree = "<group>"; };
		4E73026D2432C620003A69CF /* Info.plist */ = {isa = PBXFileReference; lastKnownFileType = text.plist.xml; path = Info.plist; sourceTree = "<group>"; };
		4E7302722432C620003A69CF /* SimpleApp2Tests.xctest */ = {isa = PBXFileReference; explicitFileType = wrapper.cfbundle; includeInIndex = 0; path = SimpleApp2Tests.xctest; sourceTree = BUILT_PRODUCTS_DIR; };
		4E7302762432C620003A69CF /* SimpleApp2Tests.swift */ = {isa = PBXFileReference; lastKnownFileType = sourcecode.swift; path = SimpleApp2Tests.swift; sourceTree = "<group>"; };
		4E7302782432C620003A69CF /* Info.plist */ = {isa = PBXFileReference; lastKnownFileType = text.plist.xml; path = Info.plist; sourceTree = "<group>"; };
		4E73027D2432C620003A69CF /* SimpleApp2UITests.xctest */ = {isa = PBXFileReference; explicitFileType = wrapper.cfbundle; includeInIndex = 0; path = SimpleApp2UITests.xctest; sourceTree = BUILT_PRODUCTS_DIR; };
		4E7302812432C620003A69CF /* SimpleApp2UITests.swift */ = {isa = PBXFileReference; lastKnownFileType = sourcecode.swift; path = SimpleApp2UITests.swift; sourceTree = "<group>"; };
		4E7302832432C620003A69CF /* Info.plist */ = {isa = PBXFileReference; lastKnownFileType = text.plist.xml; path = Info.plist; sourceTree = "<group>"; };
/* End PBXFileReference section */

/* Begin PBXFrameworksBuildPhase section */
		4E7302592432C61F003A69CF /* Frameworks */ = {
			isa = PBXFrameworksBuildPhase;
			buildActionMask = 2147483647;
			files = (
			);
			runOnlyForDeploymentPostprocessing = 0;
		};
		4E73026F2432C620003A69CF /* Frameworks */ = {
			isa = PBXFrameworksBuildPhase;
			buildActionMask = 2147483647;
			files = (
			);
			runOnlyForDeploymentPostprocessing = 0;
		};
		4E73027A2432C620003A69CF /* Frameworks */ = {
			isa = PBXFrameworksBuildPhase;
			buildActionMask = 2147483647;
			files = (
			);
			runOnlyForDeploymentPostprocessing = 0;
		};
/* End PBXFrameworksBuildPhase section */

/* Begin PBXGroup section */
		4E7302532432C61F003A69CF = {
			isa = PBXGroup;
			children = (
				4E73025E2432C61F003A69CF /* SimpleApp2 */,
				4E7302752432C620003A69CF /* SimpleApp2Tests */,
				4E7302802432C620003A69CF /* SimpleApp2UITests */,
				4E73025D2432C61F003A69CF /* Products */,
			);
			sourceTree = "<group>";
		};
		4E73025D2432C61F003A69CF /* Products */ = {
			isa = PBXGroup;
			children = (
				4E73025C2432C61F003A69CF /* SimpleApp2.app */,
				4E7302722432C620003A69CF /* SimpleApp2Tests.xctest */,
				4E73027D2432C620003A69CF /* SimpleApp2UITests.xctest */,
			);
			name = Products;
			sourceTree = "<group>";
		};
		4E73025E2432C61F003A69CF /* SimpleApp2 */ = {
			isa = PBXGroup;
			children = (
				4E73025F2432C61F003A69CF /* AppDelegate.swift */,
				4E7302612432C61F003A69CF /* SceneDelegate.swift */,
				4E7302632432C61F003A69CF /* ContentView.swift */,
				4E7302652432C620003A69CF /* Assets.xcassets */,
				4E73026A2432C620003A69CF /* LaunchScreen.storyboard */,
				4E73026D2432C620003A69CF /* Info.plist */,
				4E7302672432C620003A69CF /* Preview Content */,
			);
			path = SimpleApp2;
			sourceTree = "<group>";
		};
		4E7302672432C620003A69CF /* Preview Content */ = {
			isa = PBXGroup;
			children = (
				4E7302682432C620003A69CF /* Preview Assets.xcassets */,
			);
			path = "Preview Content";
			sourceTree = "<group>";
		};
		4E7302752432C620003A69CF /* SimpleApp2Tests */ = {
			isa = PBXGroup;
			children = (
				4E7302762432C620003A69CF /* SimpleApp2Tests.swift */,
				4E7302782432C620003A69CF /* Info.plist */,
			);
			path = SimpleApp2Tests;
			sourceTree = "<group>";
		};
		4E7302802432C620003A69CF /* SimpleApp2UITests */ = {
			isa = PBXGroup;
			children = (
				4E7302812432C620003A69CF /* SimpleApp2UITests.swift */,
				4E7302832432C620003A69CF /* Info.plist */,
			);
			path = SimpleApp2UITests;
			sourceTree = "<group>";
		};
/* End PBXGroup section */

/* Begin PBXNativeTarget section */
		4E73025B2432C61F003A69CF /* SimpleApp2 */ = {
			isa = PBXNativeTarget;
			buildConfigurationList = 4E7302862432C620003A69CF /* Build configuration list for PBXNativeTarget "SimpleApp2" */;
			buildPhases = (
				4E7302582432C61F003A69CF /* Sources */,
				4E7302592432C61F003A69CF /* Frameworks */,
				4E73025A2432C61F003A69CF /* Resources */,
			);
			buildRules = (
			);
			dependencies = (
			);
			name = SimpleApp2;
			productName = SimpleApp2;
			productReference = 4E73025C2432C61F003A69CF /* SimpleApp2.app */;
			productType = "com.apple.product-type.application";
		};
		4E7302712432C620003A69CF /* SimpleApp2Tests */ = {
			isa = PBXNativeTarget;
			buildConfigurationList = 4E7302892432C620003A69CF /* Build configuration list for PBXNativeTarget "SimpleApp2Tests" */;
			buildPhases = (
				4E73026E2432C620003A69CF /* Sources */,
				4E73026F2432C620003A69CF /* Frameworks */,
				4E7302702432C620003A69CF /* Resources */,
			);
			buildRules = (
			);
			dependencies = (
				4E7302742432C620003A69CF /* PBXTargetDependency */,
			);
			name = SimpleApp2Tests;
			productName = SimpleApp2Tests;
			productReference = 4E7302722432C620003A69CF /* SimpleApp2Tests.xctest */;
			productType = "com.apple.product-type.bundle.unit-test";
		};
		4E73027C2432C620003A69CF /* SimpleApp2UITests */ = {
			isa = PBXNativeTarget;
			buildConfigurationList = 4E73028C2432C620003A69CF /* Build configuration list for PBXNativeTarget "SimpleApp2UITests" */;
			buildPhases = (
				4E7302792432C620003A69CF /* Sources */,
				4E73027A2432C620003A69CF /* Frameworks */,
				4E73027B2432C620003A69CF /* Resources */,
			);
			buildRules = (
			);
			dependencies = (
				4E73027F2432C620003A69CF /* PBXTargetDependency */,
			);
			name = SimpleApp2UITests;
			productName = SimpleApp2UITests;
			productReference = 4E73027D2432C620003A69CF /* SimpleApp2UITests.xctest */;
			productType = "com.apple.product-type.bundle.ui-testing";
		};
/* End PBXNativeTarget section */

/* Begin PBXProject section */
		4E7302542432C61F003A69CF /* Project object */ = {
			isa = PBXProject;
			attributes = {
				LastSwiftUpdateCheck = 1140;
				LastUpgradeCheck = 1140;
				ORGANIZATIONNAME = "Kevin Andrade";
				TargetAttributes = {
					4E73025B2432C61F003A69CF = {
						CreatedOnToolsVersion = 11.4;
					};
					4E7302712432C620003A69CF = {
						CreatedOnToolsVersion = 11.4;
						TestTargetID = 4E73025B2432C61F003A69CF;
					};
					4E73027C2432C620003A69CF = {
						CreatedOnToolsVersion = 11.4;
						TestTargetID = 4E73025B2432C61F003A69CF;
					};
				};
			};
			buildConfigurationList = 4E7302572432C61F003A69CF /* Build configuration list for PBXProject "SimpleApp2" */;
			compatibilityVersion = "Xcode 9.3";
			developmentRegion = en;
			hasScannedForEncodings = 0;
			knownRegions = (
				en,
				Base,
			);
			mainGroup = 4E7302532432C61F003A69CF;
			productRefGroup = 4E73025D2432C61F003A69CF /* Products */;
			projectDirPath = "";
			projectRoot = "";
			targets = (
				4E73025B2432C61F003A69CF /* SimpleApp2 */,
				4E7302712432C620003A69CF /* SimpleApp2Tests */,
				4E73027C2432C620003A69CF /* SimpleApp2UITests */,
			);
		};
/* End PBXProject section */

/* Begin PBXResourcesBuildPhase section */
		4E73025A2432C61F003A69CF /* Resources */ = {
			isa = PBXResourcesBuildPhase;
			buildActionMask = 2147483647;
			files = (
				4E73026C2432C620003A69CF /* LaunchScreen.storyboard in Resources */,
				4E7302692432C620003A69CF /* Preview Assets.xcassets in Resources */,
				4E7302662432C620003A69CF /* Assets.xcassets in Resources */,
			);
			runOnlyForDeploymentPostprocessing = 0;
		};
		4E7302702432C620003A69CF /* Resources */ = {
			isa = PBXResourcesBuildPhase;
			buildActionMask = 2147483647;
			files = (
			);
			runOnlyForDeploymentPostprocessing = 0;
		};
		4E73027B2432C620003A69CF /* Resources */ = {
			isa = PBXResourcesBuildPhase;
			buildActionMask = 2147483647;
			files = (
			);
			runOnlyForDeploymentPostprocessing = 0;
		};
/* End PBXResourcesBuildPhase section */

/* Begin PBXSourcesBuildPhase section */
		4E7302582432C61F003A69CF /* Sources */ = {
			isa = PBXSourcesBuildPhase;
			buildActionMask = 2147483647;
			files = (
				4E7302602432C61F003A69CF /* AppDelegate.swift in Sources */,
				4E7302622432C61F003A69CF /* SceneDelegate.swift in Sources */,
				4E7302642432C61F003A69CF /* ContentView.swift in Sources */,
			);
			runOnlyForDeploymentPostprocessing = 0;
		};
		4E73026E2432C620003A69CF /* Sources */ = {
			isa = PBXSourcesBuildPhase;
			buildActionMask = 2147483647;
			files = (
				4E7302772432C620003A69CF /* SimpleApp2Tests.swift in Sources */,
			);
			runOnlyForDeploymentPostprocessing = 0;
		};
		4E7302792432C620003A69CF /* Sources */ = {
			isa = PBXSourcesBuildPhase;
			buildActionMask = 2147483647;
			files = (
				4E7302822432C620003A69CF /* SimpleApp2UITests.swift in Sources */,
			);
			runOnlyForDeploymentPostprocessing = 0;
		};
/* End PBXSourcesBuildPhase section */

/* Begin PBXTargetDependency section */
		4E7302742432C620003A69CF /* PBXTargetDependency */ = {
			isa = PBXTargetDependency;
			target = 4E73025B2432C61F003A69CF /* SimpleApp2 */;
			targetProxy = 4E7302732432C620003A69CF /* PBXContainerItemProxy */;
		};
		4E73027F2432C620003A69CF /* PBXTargetDependency */ = {
			isa = PBXTargetDependency;
			target = 4E73025B2432C61F003A69CF /* SimpleApp2 */;
			targetProxy = 4E73027E2432C620003A69CF /* PBXContainerItemProxy */;
		};
/* End PBXTargetDependency section */

/* Begin PBXVariantGroup section */
		4E73026A2432C620003A69CF /* LaunchScreen.storyboard */ = {
			isa = PBXVariantGroup;
			children = (
				4E73026B2432C620003A69CF /* Base */,
			);
			name = LaunchScreen.storyboard;
			sourceTree = "<group>";
		};
/* End PBXVariantGroup section */

/* Begin XCBuildConfiguration section */
		4E7302842432C620003A69CF /* Debug */ = {
			isa = XCBuildConfiguration;
			buildSettings = {
				ALWAYS_SEARCH_USER_PATHS = NO;
				CLANG_ANALYZER_NONNULL = YES;
				CLANG_ANALYZER_NUMBER_OBJECT_CONVERSION = YES_AGGRESSIVE;
				CLANG_CXX_LANGUAGE_STANDARD = "gnu++14";
				CLANG_CXX_LIBRARY = "libc++";
				CLANG_ENABLE_MODULES = YES;
				CLANG_ENABLE_OBJC_ARC = YES;
				CLANG_ENABLE_OBJC_WEAK = YES;
				CLANG_WARN_BLOCK_CAPTURE_AUTORELEASING = YES;
				CLANG_WARN_BOOL_CONVERSION = YES;
				CLANG_WARN_COMMA = YES;
				CLANG_WARN_CONSTANT_CONVERSION = YES;
				CLANG_WARN_DEPRECATED_OBJC_IMPLEMENTATIONS = YES;
				CLANG_WARN_DIRECT_OBJC_ISA_USAGE = YES_ERROR;
				CLANG_WARN_DOCUMENTATION_COMMENTS = YES;
				CLANG_WARN_EMPTY_BODY = YES;
				CLANG_WARN_ENUM_CONVERSION = YES;
				CLANG_WARN_INFINITE_RECURSION = YES;
				CLANG_WARN_INT_CONVERSION = YES;
				CLANG_WARN_NON_LITERAL_NULL_CONVERSION = YES;
				CLANG_WARN_OBJC_IMPLICIT_RETAIN_SELF = YES;
				CLANG_WARN_OBJC_LITERAL_CONVERSION = YES;
				CLANG_WARN_OBJC_ROOT_CLASS = YES_ERROR;
				CLANG_WARN_RANGE_LOOP_ANALYSIS = YES;
				CLANG_WARN_STRICT_PROTOTYPES = YES;
				CLANG_WARN_SUSPICIOUS_MOVE = YES;
				CLANG_WARN_UNGUARDED_AVAILABILITY = YES_AGGRESSIVE;
				CLANG_WARN_UNREACHABLE_CODE = YES;
				CLANG_WARN__DUPLICATE_METHOD_MATCH = YES;
				COPY_PHASE_STRIP = NO;
				DEBUG_INFORMATION_FORMAT = dwarf;
				ENABLE_STRICT_OBJC_MSGSEND = YES;
				ENABLE_TESTABILITY = YES;
				GCC_C_LANGUAGE_STANDARD = gnu11;
				GCC_DYNAMIC_NO_PIC = NO;
				GCC_NO_COMMON_BLOCKS = YES;
				GCC_OPTIMIZATION_LEVEL = 0;
				GCC_PREPROCESSOR_DEFINITIONS = (
					"DEBUG=1",
					"$(inherited)",
				);
				GCC_WARN_64_TO_32_BIT_CONVERSION = YES;
				GCC_WARN_ABOUT_RETURN_TYPE = YES_ERROR;
				GCC_WARN_UNDECLARED_SELECTOR = YES;
				GCC_WARN_UNINITIALIZED_AUTOS = YES_AGGRESSIVE;
				GCC_WARN_UNUSED_FUNCTION = YES;
				GCC_WARN_UNUSED_VARIABLE = YES;
				IPHONEOS_DEPLOYMENT_TARGET = 13.4;
				MTL_ENABLE_DEBUG_INFO = INCLUDE_SOURCE;
				MTL_FAST_MATH = YES;
				ONLY_ACTIVE_ARCH = YES;
				SDKROOT = iphoneos;
				SWIFT_ACTIVE_COMPILATION_CONDITIONS = DEBUG;
				SWIFT_OPTIMIZATION_LEVEL = "-Onone";
			};
			name = Debug;
		};
		4E7302852432C620003A69CF /* Release */ = {
			isa = XCBuildConfiguration;
			buildSettings = {
				ALWAYS_SEARCH_USER_PATHS = NO;
				CLANG_ANALYZER_NONNULL = YES;
				CLANG_ANALYZER_NUMBER_OBJECT_CONVERSION = YES_AGGRESSIVE;
				CLANG_CXX_LANGUAGE_STANDARD = "gnu++14";
				CLANG_CXX_LIBRARY = "libc++";
				CLANG_ENABLE_MODULES = YES;
				CLANG_ENABLE_OBJC_ARC = YES;
				CLANG_ENABLE_OBJC_WEAK = YES;
				CLANG_WARN_BLOCK_CAPTURE_AUTORELEASING = YES;
				CLANG_WARN_BOOL_CONVERSION = YES;
				CLANG_WARN_COMMA = YES;
				CLANG_WARN_CONSTANT_CONVERSION = YES;
				CLANG_WARN_DEPRECATED_OBJC_IMPLEMENTATIONS = YES;
				CLANG_WARN_DIRECT_OBJC_ISA_USAGE = YES_ERROR;
				CLANG_WARN_DOCUMENTATION_COMMENTS = YES;
				CLANG_WARN_EMPTY_BODY = YES;
				CLANG_WARN_ENUM_CONVERSION = YES;
				CLANG_WARN_INFINITE_RECURSION = YES;
				CLANG_WARN_INT_CONVERSION = YES;
				CLANG_WARN_NON_LITERAL_NULL_CONVERSION = YES;
				CLANG_WARN_OBJC_IMPLICIT_RETAIN_SELF = YES;
				CLANG_WARN_OBJC_LITERAL_CONVERSION = YES;
				CLANG_WARN_OBJC_ROOT_CLASS = YES_ERROR;
				CLANG_WARN_RANGE_LOOP_ANALYSIS = YES;
				CLANG_WARN_STRICT_PROTOTYPES = YES;
				CLANG_WARN_SUSPICIOUS_MOVE = YES;
				CLANG_WARN_UNGUARDED_AVAILABILITY = YES_AGGRESSIVE;
				CLANG_WARN_UNREACHABLE_CODE = YES;
				CLANG_WARN__DUPLICATE_METHOD_MATCH = YES;
				COPY_PHASE_STRIP = NO;
				DEBUG_INFORMATION_FORMAT = "dwarf-with-dsym";
				ENABLE_NS_ASSERTIONS = NO;
				ENABLE_STRICT_OBJC_MSGSEND = YES;
				GCC_C_LANGUAGE_STANDARD = gnu11;
				GCC_NO_COMMON_BLOCKS = YES;
				GCC_WARN_64_TO_32_BIT_CONVERSION = YES;
				GCC_WARN_ABOUT_RETURN_TYPE = YES_ERROR;
				GCC_WARN_UNDECLARED_SELECTOR = YES;
				GCC_WARN_UNINITIALIZED_AUTOS = YES_AGGRESSIVE;
				GCC_WARN_UNUSED_FUNCTION = YES;
				GCC_WARN_UNUSED_VARIABLE = YES;
				IPHONEOS_DEPLOYMENT_TARGET = 13.4;
				MTL_ENABLE_DEBUG_INFO = NO;
				MTL_FAST_MATH = YES;
				SDKROOT = iphoneos;
				SWIFT_COMPILATION_MODE = wholemodule;
				SWIFT_OPTIMIZATION_LEVEL = "-O";
				VALIDATE_PRODUCT = YES;
			};
			name = Release;
		};
		4E7302872432C620003A69CF /* Debug */ = {
			isa = XCBuildConfiguration;
			buildSettings = {
				ASSETCATALOG_COMPILER_APPICON_NAME = AppIcon;
				CODE_SIGN_STYLE = Automatic;
				DEVELOPMENT_ASSET_PATHS = "\"SimpleApp2/Preview Content\"";
				DEVELOPMENT_TEAM = 5B6H9496WQ;
				ENABLE_PREVIEWS = YES;
				INFOPLIST_FILE = SimpleApp2/Info.plist;
				LD_RUNPATH_SEARCH_PATHS = (
					"$(inherited)",
					"@executable_path/Frameworks",
				);
				PRODUCT_BUNDLE_IDENTIFIER = edu.binghamton.cs.SimpleApp2;
				PRODUCT_NAME = "$(TARGET_NAME)";
				SWIFT_VERSION = 5.0;
				TARGETED_DEVICE_FAMILY = "1,2";
			};
			name = Debug;
		};
		4E7302882432C620003A69CF /* Release */ = {
			isa = XCBuildConfiguration;
			buildSettings = {
				ASSETCATALOG_COMPILER_APPICON_NAME = AppIcon;
				CODE_SIGN_STYLE = Automatic;
				DEVELOPMENT_ASSET_PATHS = "\"SimpleApp2/Preview Content\"";
				DEVELOPMENT_TEAM = 5B6H9496WQ;
				ENABLE_PREVIEWS = YES;
				INFOPLIST_FILE = SimpleApp2/Info.plist;
				LD_RUNPATH_SEARCH_PATHS = (
					"$(inherited)",
					"@executable_path/Frameworks",
				);
				PRODUCT_BUNDLE_IDENTIFIER = edu.binghamton.cs.SimpleApp2;
				PRODUCT_NAME = "$(TARGET_NAME)";
				SWIFT_VERSION = 5.0;
				TARGETED_DEVICE_FAMILY = "1,2";
			};
			name = Release;
		};
		4E73028A2432C620003A69CF /* Debug */ = {
			isa = XCBuildConfiguration;
			buildSettings = {
				ALWAYS_EMBED_SWIFT_STANDARD_LIBRARIES = YES;
				BUNDLE_LOADER = "$(TEST_HOST)";
				CODE_SIGN_STYLE = Automatic;
				DEVELOPMENT_TEAM = 5B6H9496WQ;
				INFOPLIST_FILE = SimpleApp2Tests/Info.plist;
				IPHONEOS_DEPLOYMENT_TARGET = 13.4;
				LD_RUNPATH_SEARCH_PATHS = (
					"$(inherited)",
					"@executable_path/Frameworks",
					"@loader_path/Frameworks",
				);
				PRODUCT_BUNDLE_IDENTIFIER = edu.binghamton.cs.SimpleApp2Tests;
				PRODUCT_NAME = "$(TARGET_NAME)";
				SWIFT_VERSION = 5.0;
				TARGETED_DEVICE_FAMILY = "1,2";
				TEST_HOST = "$(BUILT_PRODUCTS_DIR)/SimpleApp2.app/SimpleApp2";
			};
			name = Debug;
		};
		4E73028B2432C620003A69CF /* Release */ = {
			isa = XCBuildConfiguration;
			buildSettings = {
				ALWAYS_EMBED_SWIFT_STANDARD_LIBRARIES = YES;
				BUNDLE_LOADER = "$(TEST_HOST)";
				CODE_SIGN_STYLE = Automatic;
				DEVELOPMENT_TEAM = 5B6H9496WQ;
				INFOPLIST_FILE = SimpleApp2Tests/Info.plist;
				IPHONEOS_DEPLOYMENT_TARGET = 13.4;
				LD_RUNPATH_SEARCH_PATHS = (
					"$(inherited)",
					"@executable_path/Frameworks",
					"@loader_path/Frameworks",
				);
				PRODUCT_BUNDLE_IDENTIFIER = edu.binghamton.cs.SimpleApp2Tests;
				PRODUCT_NAME = "$(TARGET_NAME)";
				SWIFT_VERSION = 5.0;
				TARGETED_DEVICE_FAMILY = "1,2";
				TEST_HOST = "$(BUILT_PRODUCTS_DIR)/SimpleApp2.app/SimpleApp2";
			};
			name = Release;
		};
		4E73028D2432C620003A69CF /* Debug */ = {
			isa = XCBuildConfiguration;
			buildSettings = {
				ALWAYS_EMBED_SWIFT_STANDARD_LIBRARIES = YES;
				CODE_SIGN_STYLE = Automatic;
				DEVELOPMENT_TEAM = 5B6H9496WQ;
				INFOPLIST_FILE = SimpleApp2UITests/Info.plist;
				LD_RUNPATH_SEARCH_PATHS = (
					"$(inherited)",
					"@executable_path/Frameworks",
					"@loader_path/Frameworks",
				);
				PRODUCT_BUNDLE_IDENTIFIER = edu.binghamton.cs.SimpleApp2UITests;
				PRODUCT_NAME = "$(TARGET_NAME)";
				SWIFT_VERSION = 5.0;
				TARGETED_DEVICE_FAMILY = "1,2";
				TEST_TARGET_NAME = SimpleApp2;
			};
			name = Debug;
		};
		4E73028E2432C620003A69CF /* Release */ = {
			isa = XCBuildConfiguration;
			buildSettings = {
				ALWAYS_EMBED_SWIFT_STANDARD_LIBRARIES = YES;
				CODE_SIGN_STYLE = Automatic;
				DEVELOPMENT_TEAM = 5B6H9496WQ;
				INFOPLIST_FILE = SimpleApp2UITests/Info.plist;
				LD_RUNPATH_SEARCH_PATHS = (
					"$(inherited)",
					"@executable_path/Frameworks",
					"@loader_path/Frameworks",
				);
				PRODUCT_BUNDLE_IDENTIFIER = edu.binghamton.cs.SimpleApp2UITests;
				PRODUCT_NAME = "$(TARGET_NAME)";
				SWIFT_VERSION = 5.0;
				TARGETED_DEVICE_FAMILY = "1,2";
				TEST_TARGET_NAME = SimpleApp2;
			};
			name = Release;
		};
/* End XCBuildConfiguration section */

/* Begin XCConfigurationList section */
		4E7302572432C61F003A69CF /* Build configuration list for PBXProject "SimpleApp2" */ = {
			isa = XCConfigurationList;
			buildConfigurations = (
				4E7302842432C620003A69CF /* Debug */,
				4E7302852432C620003A69CF /* Release */,
			);
			defaultConfigurationIsVisible = 0;
			defaultConfigurationName = Release;
		};
		4E7302862432C620003A69CF /* Build configuration list for PBXNativeTarget "SimpleApp2" */ = {
			isa = XCConfigurationList;
			buildConfigurations = (
				4E7302872432C620003A69CF /* Debug */,
				4E7302882432C620003A69CF /* Release */,
			);
			defaultConfigurationIsVisible = 0;
			defaultConfigurationName = Release;
		};
		4E7302892432C620003A69CF /* Build configuration list for PBXNativeTarget "SimpleApp2Tests" */ = {
			isa = XCConfigurationList;
			buildConfigurations = (
				4E73028A2432C620003A69CF /* Debug */,
				4E73028B2432C620003A69CF /* Release */,
			);
			defaultConfigurationIsVisible = 0;
			defaultConfigurationName = Release;
		};
		4E73028C2432C620003A69CF /* Build configuration list for PBXNativeTarget "SimpleApp2UITests" */ = {
			isa = XCConfigurationList;
			buildConfigurations = (
				4E73028D2432C620003A69CF /* Debug */,
				4E73028E2432C620003A69CF /* Release */,
			);
			defaultConfigurationIsVisible = 0;
			defaultConfigurationName = Release;
		};
/* End XCConfigurationList section */
	};
	rootObject = 4E7302542432C61F003A69CF /* Project object */;
}
